// !$*UTF8*$!
{
	archiveVersion = 1;
	classes = {
	};
	objectVersion = 46;
	objects = {

/* Begin PBXBuildFile section */
		4E7CCB5E197747EA006917BA /* Comment.swift in Sources */ = {isa = PBXBuildFile; fileRef = 4E7CCB5D197747EA006917BA /* Comment.swift */; };
		4EE778231978264500978F28 /* CommentTests.swift in Sources */ = {isa = PBXBuildFile; fileRef = 4EE77820197823E000978F28 /* CommentTests.swift */; };
		9F6872F61979536C00716FE0 /* HTMLString.swift in Sources */ = {isa = PBXBuildFile; fileRef = 9F6872F51979536C00716FE0 /* HTMLString.swift */; };
		9F6AEEAE19768F86007D95BD /* Cache.swift in Sources */ = {isa = PBXBuildFile; fileRef = 9F6AEEAD19768F86007D95BD /* Cache.swift */; };
		9F6AEEB01976AC2C007D95BD /* CacheTests.swift in Sources */ = {isa = PBXBuildFile; fileRef = 9F6AEEAF1976AC2C007D95BD /* CacheTests.swift */; };
		9FD4A19C196F3007003608F6 /* Hacker Swifter.h in Headers */ = {isa = PBXBuildFile; fileRef = 9FD4A19B196F3007003608F6 /* Hacker Swifter.h */; settings = {ATTRIBUTES = (Public, ); }; };
		9FD4A1A2196F3008003608F6 /* HackerSwifter.framework in Frameworks */ = {isa = PBXBuildFile; fileRef = 9FD4A196196F3007003608F6 /* HackerSwifter.framework */; };
		9FD4A1A9196F3008003608F6 /* Hacker_SwifterTests.swift in Sources */ = {isa = PBXBuildFile; fileRef = 9FD4A1A8196F3008003608F6 /* Hacker_SwifterTests.swift */; };
		9FD4A1B419704397003608F6 /* HTMLScanner.swift in Sources */ = {isa = PBXBuildFile; fileRef = 9FD4A1B319704397003608F6 /* HTMLScanner.swift */; };
		9FD4A1B7197046AF003608F6 /* Post.swift in Sources */ = {isa = PBXBuildFile; fileRef = 9FD4A1B6197046AF003608F6 /* Post.swift */; };
		9FD4A1B9197048DB003608F6 /* Fetcher.swift in Sources */ = {isa = PBXBuildFile; fileRef = 9FD4A1B8197048DB003608F6 /* Fetcher.swift */; };
		9FD4A1BC1970604B003608F6 /* PostTests.swift in Sources */ = {isa = PBXBuildFile; fileRef = 9FD4A1BB1970604B003608F6 /* PostTests.swift */; };
		9FD4A1BE19706066003608F6 /* FetcherTests.swift in Sources */ = {isa = PBXBuildFile; fileRef = 9FD4A1BD19706066003608F6 /* FetcherTests.swift */; };
/* End PBXBuildFile section */

/* Begin PBXContainerItemProxy section */
		9FD4A1A3196F3008003608F6 /* PBXContainerItemProxy */ = {
			isa = PBXContainerItemProxy;
			containerPortal = 9FD4A18D196F3007003608F6 /* Project object */;
			proxyType = 1;
			remoteGlobalIDString = 9FD4A195196F3007003608F6;
			remoteInfo = "Hacker Swifter";
		};
		9FD4A1BF19706222003608F6 /* PBXContainerItemProxy */ = {
			isa = PBXContainerItemProxy;
			containerPortal = 9FD4A18D196F3007003608F6 /* Project object */;
			proxyType = 1;
			remoteGlobalIDString = 9FD4A195196F3007003608F6;
			remoteInfo = "Hacker Swifter";
		};
		9FD4A1C119706222003608F6 /* PBXContainerItemProxy */ = {
			isa = PBXContainerItemProxy;
			containerPortal = 9FD4A18D196F3007003608F6 /* Project object */;
			proxyType = 1;
			remoteGlobalIDString = 9FD4A195196F3007003608F6;
			remoteInfo = "Hacker Swifter";
		};
		9FD4A1C319706224003608F6 /* PBXContainerItemProxy */ = {
			isa = PBXContainerItemProxy;
			containerPortal = 9FD4A18D196F3007003608F6 /* Project object */;
			proxyType = 1;
			remoteGlobalIDString = 9FD4A195196F3007003608F6;
			remoteInfo = "Hacker Swifter";
		};
/* End PBXContainerItemProxy section */

/* Begin PBXFileReference section */
		4E7CCB5D197747EA006917BA /* Comment.swift */ = {isa = PBXFileReference; fileEncoding = 4; lastKnownFileType = sourcecode.swift; name = Comment.swift; path = Models/Comment.swift; sourceTree = "<group>"; };
		4EE77820197823E000978F28 /* CommentTests.swift */ = {isa = PBXFileReference; fileEncoding = 4; lastKnownFileType = sourcecode.swift; path = CommentTests.swift; sourceTree = "<group>"; };
		9F6872F51979536C00716FE0 /* HTMLString.swift */ = {isa = PBXFileReference; fileEncoding = 4; lastKnownFileType = sourcecode.swift; name = HTMLString.swift; path = Extensions/HTMLString.swift; sourceTree = "<group>"; };
		9F6AEEAD19768F86007D95BD /* Cache.swift */ = {isa = PBXFileReference; fileEncoding = 4; lastKnownFileType = sourcecode.swift; name = Cache.swift; path = HTTP/Cache.swift; sourceTree = "<group>"; };
		9F6AEEAF1976AC2C007D95BD /* CacheTests.swift */ = {isa = PBXFileReference; fileEncoding = 4; lastKnownFileType = sourcecode.swift; path = CacheTests.swift; sourceTree = "<group>"; };
		9FD4A196196F3007003608F6 /* HackerSwifter.framework */ = {isa = PBXFileReference; explicitFileType = wrapper.framework; includeInIndex = 0; path = HackerSwifter.framework; sourceTree = BUILT_PRODUCTS_DIR; };
		9FD4A19A196F3007003608F6 /* Info.plist */ = {isa = PBXFileReference; lastKnownFileType = text.plist.xml; path = Info.plist; sourceTree = "<group>"; };
		9FD4A19B196F3007003608F6 /* Hacker Swifter.h */ = {isa = PBXFileReference; lastKnownFileType = sourcecode.c.h; path = "Hacker Swifter.h"; sourceTree = "<group>"; };
		9FD4A1A1196F3008003608F6 /* HackerSwifterTests.xctest */ = {isa = PBXFileReference; explicitFileType = wrapper.cfbundle; includeInIndex = 0; path = HackerSwifterTests.xctest; sourceTree = BUILT_PRODUCTS_DIR; };
		9FD4A1A7196F3008003608F6 /* Info.plist */ = {isa = PBXFileReference; lastKnownFileType = text.plist.xml; path = Info.plist; sourceTree = "<group>"; };
		9FD4A1A8196F3008003608F6 /* Hacker_SwifterTests.swift */ = {isa = PBXFileReference; lastKnownFileType = sourcecode.swift; path = Hacker_SwifterTests.swift; sourceTree = "<group>"; };
		9FD4A1B319704397003608F6 /* HTMLScanner.swift */ = {isa = PBXFileReference; fileEncoding = 4; lastKnownFileType = sourcecode.swift; name = HTMLScanner.swift; path = Extensions/HTMLScanner.swift; sourceTree = "<group>"; };
		9FD4A1B6197046AF003608F6 /* Post.swift */ = {isa = PBXFileReference; fileEncoding = 4; lastKnownFileType = sourcecode.swift; name = Post.swift; path = Models/Post.swift; sourceTree = "<group>"; wrapsLines = 0; };
		9FD4A1B8197048DB003608F6 /* Fetcher.swift */ = {isa = PBXFileReference; fileEncoding = 4; lastKnownFileType = sourcecode.swift; name = Fetcher.swift; path = HTTP/Fetcher.swift; sourceTree = "<group>"; };
		9FD4A1BB1970604B003608F6 /* PostTests.swift */ = {isa = PBXFileReference; fileEncoding = 4; lastKnownFileType = sourcecode.swift; path = PostTests.swift; sourceTree = "<group>"; };
		9FD4A1BD19706066003608F6 /* FetcherTests.swift */ = {isa = PBXFileReference; fileEncoding = 4; lastKnownFileType = sourcecode.swift; path = FetcherTests.swift; sourceTree = "<group>"; };
/* End PBXFileReference section */

/* Begin PBXFrameworksBuildPhase section */
		9FD4A192196F3007003608F6 /* Frameworks */ = {
			isa = PBXFrameworksBuildPhase;
			buildActionMask = 2147483647;
			files = (
			);
			runOnlyForDeploymentPostprocessing = 0;
		};
		9FD4A19E196F3008003608F6 /* Frameworks */ = {
			isa = PBXFrameworksBuildPhase;
			buildActionMask = 2147483647;
			files = (
				9FD4A1A2196F3008003608F6 /* HackerSwifter.framework in Frameworks */,
			);
			runOnlyForDeploymentPostprocessing = 0;
		};
/* End PBXFrameworksBuildPhase section */

/* Begin PBXGroup section */
		9FD4A18C196F3007003608F6 = {
			isa = PBXGroup;
			children = (
				9FD4A198196F3007003608F6 /* Hacker Swifter */,
				9FD4A1A5196F3008003608F6 /* Hacker SwifterTests */,
				9FD4A197196F3007003608F6 /* Products */,
			);
			sourceTree = "<group>";
		};
		9FD4A197196F3007003608F6 /* Products */ = {
			isa = PBXGroup;
			children = (
				9FD4A196196F3007003608F6 /* HackerSwifter.framework */,
				9FD4A1A1196F3008003608F6 /* HackerSwifterTests.xctest */,
			);
			name = Products;
			sourceTree = "<group>";
		};
		9FD4A198196F3007003608F6 /* Hacker Swifter */ = {
			isa = PBXGroup;
			children = (
				9FD4A1BA197048E1003608F6 /* HTTP */,
				9FD4A1B519704698003608F6 /* Models */,
				9FD4A1B21970436B003608F6 /* Extension */,
				9FD4A19B196F3007003608F6 /* Hacker Swifter.h */,
				9FD4A199196F3007003608F6 /* Supporting Files */,
			);
			path = "Hacker Swifter";
			sourceTree = "<group>";
		};
		9FD4A199196F3007003608F6 /* Supporting Files */ = {
			isa = PBXGroup;
			children = (
				9FD4A19A196F3007003608F6 /* Info.plist */,
			);
			name = "Supporting Files";
			sourceTree = "<group>";
		};
		9FD4A1A5196F3008003608F6 /* Hacker SwifterTests */ = {
			isa = PBXGroup;
			children = (
				9FD4A1A8196F3008003608F6 /* Hacker_SwifterTests.swift */,
				9FD4A1BB1970604B003608F6 /* PostTests.swift */,
				4EE77820197823E000978F28 /* CommentTests.swift */,
				9FD4A1BD19706066003608F6 /* FetcherTests.swift */,
				9F6AEEAF1976AC2C007D95BD /* CacheTests.swift */,
				9FD4A1A6196F3008003608F6 /* Supporting Files */,
			);
			path = "Hacker SwifterTests";
			sourceTree = "<group>";
		};
		9FD4A1A6196F3008003608F6 /* Supporting Files */ = {
			isa = PBXGroup;
			children = (
				9FD4A1A7196F3008003608F6 /* Info.plist */,
			);
			name = "Supporting Files";
			sourceTree = "<group>";
		};
		9FD4A1B21970436B003608F6 /* Extension */ = {
			isa = PBXGroup;
			children = (
				9FD4A1B319704397003608F6 /* HTMLScanner.swift */,
				9F6872F51979536C00716FE0 /* HTMLString.swift */,
			);
			name = Extension;
			sourceTree = "<group>";
		};
		9FD4A1B519704698003608F6 /* Models */ = {
			isa = PBXGroup;
			children = (
				9FD4A1B6197046AF003608F6 /* Post.swift */,
				4E7CCB5D197747EA006917BA /* Comment.swift */,
			);
			name = Models;
			sourceTree = "<group>";
		};
		9FD4A1BA197048E1003608F6 /* HTTP */ = {
			isa = PBXGroup;
			children = (
				9FD4A1B8197048DB003608F6 /* Fetcher.swift */,
				9F6AEEAD19768F86007D95BD /* Cache.swift */,
			);
			name = HTTP;
			sourceTree = "<group>";
		};
/* End PBXGroup section */

/* Begin PBXHeadersBuildPhase section */
		9FD4A193196F3007003608F6 /* Headers */ = {
			isa = PBXHeadersBuildPhase;
			buildActionMask = 2147483647;
			files = (
				9FD4A19C196F3007003608F6 /* Hacker Swifter.h in Headers */,
			);
			runOnlyForDeploymentPostprocessing = 0;
		};
/* End PBXHeadersBuildPhase section */

/* Begin PBXNativeTarget section */
		9FD4A195196F3007003608F6 /* HackerSwifter */ = {
			isa = PBXNativeTarget;
			buildConfigurationList = 9FD4A1AC196F3008003608F6 /* Build configuration list for PBXNativeTarget "HackerSwifter" */;
			buildPhases = (
				9FD4A191196F3007003608F6 /* Sources */,
				9FD4A192196F3007003608F6 /* Frameworks */,
				9FD4A193196F3007003608F6 /* Headers */,
				9FD4A194196F3007003608F6 /* Resources */,
			);
			buildRules = (
			);
			dependencies = (
			);
			name = HackerSwifter;
			productName = "Hacker Swifter";
			productReference = 9FD4A196196F3007003608F6 /* HackerSwifter.framework */;
			productType = "com.apple.product-type.framework";
		};
		9FD4A1A0196F3008003608F6 /* HackerSwifterTests */ = {
			isa = PBXNativeTarget;
			buildConfigurationList = 9FD4A1AF196F3008003608F6 /* Build configuration list for PBXNativeTarget "HackerSwifterTests" */;
			buildPhases = (
				9FD4A19D196F3008003608F6 /* Sources */,
				9FD4A19E196F3008003608F6 /* Frameworks */,
				9FD4A19F196F3008003608F6 /* Resources */,
			);
			buildRules = (
			);
			dependencies = (
				9FD4A1A4196F3008003608F6 /* PBXTargetDependency */,
				9FD4A1C019706222003608F6 /* PBXTargetDependency */,
				9FD4A1C219706222003608F6 /* PBXTargetDependency */,
				9FD4A1C419706224003608F6 /* PBXTargetDependency */,
			);
			name = HackerSwifterTests;
			productName = "Hacker SwifterTests";
			productReference = 9FD4A1A1196F3008003608F6 /* HackerSwifterTests.xctest */;
			productType = "com.apple.product-type.bundle.unit-test";
		};
/* End PBXNativeTarget section */

/* Begin PBXProject section */
		9FD4A18D196F3007003608F6 /* Project object */ = {
			isa = PBXProject;
			attributes = {
				LastSwiftMigration = 0720;
				LastSwiftUpdateCheck = 0720;
				LastUpgradeCheck = 0720;
				ORGANIZATIONNAME = "Thomas Ricouard";
				TargetAttributes = {
					9FD4A195196F3007003608F6 = {
						CreatedOnToolsVersion = 6.0;
						DevelopmentTeam = Z6P74P6T99;
					};
					9FD4A1A0196F3008003608F6 = {
						CreatedOnToolsVersion = 6.0;
						TestTargetID = 9FD4A195196F3007003608F6;
					};
				};
			};
			buildConfigurationList = 9FD4A190196F3007003608F6 /* Build configuration list for PBXProject "HackerSwifter" */;
			compatibilityVersion = "Xcode 3.2";
			developmentRegion = English;
			hasScannedForEncodings = 0;
			knownRegions = (
				en,
			);
			mainGroup = 9FD4A18C196F3007003608F6;
			productRefGroup = 9FD4A197196F3007003608F6 /* Products */;
			projectDirPath = "";
			projectRoot = "";
			targets = (
				9FD4A195196F3007003608F6 /* HackerSwifter */,
				9FD4A1A0196F3008003608F6 /* HackerSwifterTests */,
			);
		};
/* End PBXProject section */

/* Begin PBXResourcesBuildPhase section */
		9FD4A194196F3007003608F6 /* Resources */ = {
			isa = PBXResourcesBuildPhase;
			buildActionMask = 2147483647;
			files = (
			);
			runOnlyForDeploymentPostprocessing = 0;
		};
		9FD4A19F196F3008003608F6 /* Resources */ = {
			isa = PBXResourcesBuildPhase;
			buildActionMask = 2147483647;
			files = (
			);
			runOnlyForDeploymentPostprocessing = 0;
		};
/* End PBXResourcesBuildPhase section */

/* Begin PBXSourcesBuildPhase section */
		9FD4A191196F3007003608F6 /* Sources */ = {
			isa = PBXSourcesBuildPhase;
			buildActionMask = 2147483647;
			files = (
				4E7CCB5E197747EA006917BA /* Comment.swift in Sources */,
				9FD4A1B419704397003608F6 /* HTMLScanner.swift in Sources */,
				9FD4A1B7197046AF003608F6 /* Post.swift in Sources */,
				9F6AEEAE19768F86007D95BD /* Cache.swift in Sources */,
				9FD4A1B9197048DB003608F6 /* Fetcher.swift in Sources */,
				9F6872F61979536C00716FE0 /* HTMLString.swift in Sources */,
			);
			runOnlyForDeploymentPostprocessing = 0;
		};
		9FD4A19D196F3008003608F6 /* Sources */ = {
			isa = PBXSourcesBuildPhase;
			buildActionMask = 2147483647;
			files = (
				9FD4A1A9196F3008003608F6 /* Hacker_SwifterTests.swift in Sources */,
				4EE778231978264500978F28 /* CommentTests.swift in Sources */,
				9FD4A1BC1970604B003608F6 /* PostTests.swift in Sources */,
				9F6AEEB01976AC2C007D95BD /* CacheTests.swift in Sources */,
				9FD4A1BE19706066003608F6 /* FetcherTests.swift in Sources */,
			);
			runOnlyForDeploymentPostprocessing = 0;
		};
/* End PBXSourcesBuildPhase section */

/* Begin PBXTargetDependency section */
		9FD4A1A4196F3008003608F6 /* PBXTargetDependency */ = {
			isa = PBXTargetDependency;
			target = 9FD4A195196F3007003608F6 /* HackerSwifter */;
			targetProxy = 9FD4A1A3196F3008003608F6 /* PBXContainerItemProxy */;
		};
		9FD4A1C019706222003608F6 /* PBXTargetDependency */ = {
			isa = PBXTargetDependency;
			target = 9FD4A195196F3007003608F6 /* HackerSwifter */;
			targetProxy = 9FD4A1BF19706222003608F6 /* PBXContainerItemProxy */;
		};
		9FD4A1C219706222003608F6 /* PBXTargetDependency */ = {
			isa = PBXTargetDependency;
			target = 9FD4A195196F3007003608F6 /* HackerSwifter */;
			targetProxy = 9FD4A1C119706222003608F6 /* PBXContainerItemProxy */;
		};
		9FD4A1C419706224003608F6 /* PBXTargetDependency */ = {
			isa = PBXTargetDependency;
			target = 9FD4A195196F3007003608F6 /* HackerSwifter */;
			targetProxy = 9FD4A1C319706224003608F6 /* PBXContainerItemProxy */;
		};
/* End PBXTargetDependency section */

/* Begin XCBuildConfiguration section */
		9FD4A1AA196F3008003608F6 /* Debug */ = {
			isa = XCBuildConfiguration;
			buildSettings = {
				ALWAYS_SEARCH_USER_PATHS = NO;
				CLANG_CXX_LANGUAGE_STANDARD = "gnu++0x";
				CLANG_CXX_LIBRARY = "libc++";
				CLANG_ENABLE_MODULES = YES;
				CLANG_ENABLE_OBJC_ARC = YES;
				CLANG_WARN_BOOL_CONVERSION = YES;
				CLANG_WARN_CONSTANT_CONVERSION = YES;
				CLANG_WARN_DIRECT_OBJC_ISA_USAGE = YES_ERROR;
				CLANG_WARN_EMPTY_BODY = YES;
				CLANG_WARN_ENUM_CONVERSION = YES;
				CLANG_WARN_INT_CONVERSION = YES;
				CLANG_WARN_OBJC_ROOT_CLASS = YES_ERROR;
				CLANG_WARN_UNREACHABLE_CODE = YES;
				CLANG_WARN__DUPLICATE_METHOD_MATCH = YES;
				"CODE_SIGN_IDENTITY[sdk=iphoneos*]" = "iPhone Developer";
				COPY_PHASE_STRIP = NO;
				CURRENT_PROJECT_VERSION = 1;
				ENABLE_STRICT_OBJC_MSGSEND = YES;
				ENABLE_TESTABILITY = YES;
				GCC_C_LANGUAGE_STANDARD = gnu99;
				GCC_DYNAMIC_NO_PIC = NO;
				GCC_OPTIMIZATION_LEVEL = 0;
				GCC_PREPROCESSOR_DEFINITIONS = (
					"DEBUG=1",
					"$(inherited)",
				);
				GCC_SYMBOLS_PRIVATE_EXTERN = NO;
				GCC_WARN_64_TO_32_BIT_CONVERSION = YES;
				GCC_WARN_ABOUT_RETURN_TYPE = YES_ERROR;
				GCC_WARN_UNDECLARED_SELECTOR = YES;
				GCC_WARN_UNINITIALIZED_AUTOS = YES_AGGRESSIVE;
				GCC_WARN_UNUSED_FUNCTION = YES;
				GCC_WARN_UNUSED_VARIABLE = YES;
				IPHONEOS_DEPLOYMENT_TARGET = 8.0;
				MTL_ENABLE_DEBUG_INFO = YES;
				ONLY_ACTIVE_ARCH = YES;
				SDKROOT = iphoneos;
				SWIFT_OPTIMIZATION_LEVEL = "-Onone";
				TARGETED_DEVICE_FAMILY = "1,2";
				VERSIONING_SYSTEM = "apple-generic";
				VERSION_INFO_PREFIX = "";
			};
			name = Debug;
		};
		9FD4A1AB196F3008003608F6 /* Release */ = {
			isa = XCBuildConfiguration;
			buildSettings = {
				ALWAYS_SEARCH_USER_PATHS = NO;
				CLANG_CXX_LANGUAGE_STANDARD = "gnu++0x";
				CLANG_CXX_LIBRARY = "libc++";
				CLANG_ENABLE_MODULES = YES;
				CLANG_ENABLE_OBJC_ARC = YES;
				CLANG_WARN_BOOL_CONVERSION = YES;
				CLANG_WARN_CONSTANT_CONVERSION = YES;
				CLANG_WARN_DIRECT_OBJC_ISA_USAGE = YES_ERROR;
				CLANG_WARN_EMPTY_BODY = YES;
				CLANG_WARN_ENUM_CONVERSION = YES;
				CLANG_WARN_INT_CONVERSION = YES;
				CLANG_WARN_OBJC_ROOT_CLASS = YES_ERROR;
				CLANG_WARN_UNREACHABLE_CODE = YES;
				CLANG_WARN__DUPLICATE_METHOD_MATCH = YES;
				"CODE_SIGN_IDENTITY[sdk=iphoneos*]" = "iPhone Developer";
				COPY_PHASE_STRIP = YES;
				CURRENT_PROJECT_VERSION = 1;
				ENABLE_NS_ASSERTIONS = NO;
				ENABLE_STRICT_OBJC_MSGSEND = YES;
				GCC_C_LANGUAGE_STANDARD = gnu99;
				GCC_WARN_64_TO_32_BIT_CONVERSION = YES;
				GCC_WARN_ABOUT_RETURN_TYPE = YES_ERROR;
				GCC_WARN_UNDECLARED_SELECTOR = YES;
				GCC_WARN_UNINITIALIZED_AUTOS = YES_AGGRESSIVE;
				GCC_WARN_UNUSED_FUNCTION = YES;
				GCC_WARN_UNUSED_VARIABLE = YES;
				IPHONEOS_DEPLOYMENT_TARGET = 8.0;
				MTL_ENABLE_DEBUG_INFO = NO;
				SDKROOT = iphoneos;
				TARGETED_DEVICE_FAMILY = "1,2";
				VALIDATE_PRODUCT = YES;
				VERSIONING_SYSTEM = "apple-generic";
				VERSION_INFO_PREFIX = "";
			};
			name = Release;
		};
		9FD4A1AD196F3008003608F6 /* Debug */ = {
			isa = XCBuildConfiguration;
			buildSettings = {
				APPLICATION_EXTENSION_API_ONLY = NO;
				CLANG_ENABLE_MODULES = YES;
				CODE_SIGN_IDENTITY = "iPhone Developer";
				DEFINES_MODULE = YES;
				DYLIB_COMPATIBILITY_VERSION = 1;
				DYLIB_CURRENT_VERSION = 1;
				DYLIB_INSTALL_NAME_BASE = "@rpath";
				INFOPLIST_FILE = "Hacker Swifter/Info.plist";
				INSTALL_PATH = "$(LOCAL_LIBRARY_DIR)/Frameworks";
				LD_RUNPATH_SEARCH_PATHS = "$(inherited) @executable_path/Frameworks @loader_path/Frameworks";
				PRODUCT_BUNDLE_IDENTIFIER = "com.hacker.swifter.${PRODUCT_NAME:rfc1034identifier}";
				PRODUCT_NAME = HackerSwifter;
				SKIP_INSTALL = YES;
				SUPPORTED_PLATFORMS = "iphonesimulator iphoneos watchsimulator watchos";
				SWIFT_OPTIMIZATION_LEVEL = "-Onone";
			};
			name = Debug;
		};
		9FD4A1AE196F3008003608F6 /* Release */ = {
			isa = XCBuildConfiguration;
			buildSettings = {
				APPLICATION_EXTENSION_API_ONLY = NO;
				CLANG_ENABLE_MODULES = YES;
				CODE_SIGN_IDENTITY = "iPhone Developer";
				DEFINES_MODULE = YES;
				DYLIB_COMPATIBILITY_VERSION = 1;
				DYLIB_CURRENT_VERSION = 1;
				DYLIB_INSTALL_NAME_BASE = "@rpath";
				GCC_OPTIMIZATION_LEVEL = 0;
				INFOPLIST_FILE = "Hacker Swifter/Info.plist";
				INSTALL_PATH = "$(LOCAL_LIBRARY_DIR)/Frameworks";
				LD_RUNPATH_SEARCH_PATHS = "$(inherited) @executable_path/Frameworks @loader_path/Frameworks";
				PRODUCT_BUNDLE_IDENTIFIER = "com.hacker.swifter.${PRODUCT_NAME:rfc1034identifier}";
				PRODUCT_NAME = HackerSwifter;
				SKIP_INSTALL = YES;
				SUPPORTED_PLATFORMS = "iphonesimulator iphoneos watchsimulator watchos";
				SWIFT_OPTIMIZATION_LEVEL = "-Onone";
			};
			name = Release;
		};
		9FD4A1B0196F3008003608F6 /* Debug */ = {
			isa = XCBuildConfiguration;
			buildSettings = {
				FRAMEWORK_SEARCH_PATHS = (
					"$(SDKROOT)/Developer/Library/Frameworks",
					"$(inherited)",
				);
				GCC_PREPROCESSOR_DEFINITIONS = (
					"DEBUG=1",
					"$(inherited)",
				);
				INFOPLIST_FILE = "Hacker SwifterTests/Info.plist";
				LD_RUNPATH_SEARCH_PATHS = "$(inherited) @executable_path/Frameworks @loader_path/Frameworks";
				PRODUCT_BUNDLE_IDENTIFIER = "com.hacker.swifter.${PRODUCT_NAME:rfc1034identifier}";
				PRODUCT_NAME = HackerSwifterTests;
			};
			name = Debug;
		};
		9FD4A1B1196F3008003608F6 /* Release */ = {
			isa = XCBuildConfiguration;
			buildSettings = {
				FRAMEWORK_SEARCH_PATHS = (
					"$(SDKROOT)/Developer/Library/Frameworks",
					"$(inherited)",
				);
				INFOPLIST_FILE = "Hacker SwifterTests/Info.plist";
				LD_RUNPATH_SEARCH_PATHS = "$(inherited) @executable_path/Frameworks @loader_path/Frameworks";
				PRODUCT_BUNDLE_IDENTIFIER = "com.hacker.swifter.${PRODUCT_NAME:rfc1034identifier}";
				PRODUCT_NAME = HackerSwifterTests;
			};
			name = Release;
		};
/* End XCBuildConfiguration section */

/* Begin XCConfigurationList section */
		9FD4A190196F3007003608F6 /* Build configuration list for PBXProject "HackerSwifter" */ = {
			isa = XCConfigurationList;
			buildConfigurations = (
				9FD4A1AA196F3008003608F6 /* Debug */,
				9FD4A1AB196F3008003608F6 /* Release */,
			);
			defaultConfigurationIsVisible = 0;
			defaultConfigurationName = Release;
		};
		9FD4A1AC196F3008003608F6 /* Build configuration list for PBXNativeTarget "HackerSwifter" */ = {
			isa = XCConfigurationList;
			buildConfigurations = (
				9FD4A1AD196F3008003608F6 /* Debug */,
				9FD4A1AE196F3008003608F6 /* Release */,
			);
			defaultConfigurationIsVisible = 0;
			defaultConfigurationName = Release;
		};
		9FD4A1AF196F3008003608F6 /* Build configuration list for PBXNativeTarget "HackerSwifterTests" */ = {
			isa = XCConfigurationList;
			buildConfigurations = (
				9FD4A1B0196F3008003608F6 /* Debug */,
				9FD4A1B1196F3008003608F6 /* Release */,
			);
			defaultConfigurationIsVisible = 0;
			defaultConfigurationName = Release;
		};
/* End XCConfigurationList section */
	};
	rootObject = 9FD4A18D196F3007003608F6 /* Project object */;
}
